{
  "name": "tmp_app",
  "version": "1.0.0",
  "lockfileVersion": 2,
  "requires": true,
  "packages": {
    "": {
      "version": "1.0.0",
      "license": "ISC",
      "dependencies": {
        "@types/faker": "^5.1.7",
        "@types/highlightjs": "^10.1.0",
        "faker": "^5.4.0",
        "highlight.js": "file:../highlight.js/build"
      }
    },
    "../highlight.js/build": {
      "version": "10.7.1",
      "license": "BSD-3-Clause",
      "devDependencies": {
        "@rollup/plugin-commonjs": "^17.0.0",
        "@rollup/plugin-json": "^4.1.0",
        "@rollup/plugin-node-resolve": "^11.1.0",
        "@types/mocha": "^8.2.2",
        "@typescript-eslint/eslint-plugin": "^4.6.1",
        "@typescript-eslint/parser": "^4.6.1",
        "clean-css": "^5.0.1",
        "cli-table": "^0.3.1",
        "colors": "^1.1.2",
        "commander": "^7.0.0",
        "deep-freeze-es6": "^1.4.1",
        "del": "^6.0.0",
        "dependency-resolver": "^2.0.1",
        "eslint": "^7.12.1",
        "eslint-config-standard": "^16.0.1",
        "eslint-plugin-import": "^2.22.1",
        "eslint-plugin-node": "^11.1.0",
        "eslint-plugin-promise": "^4.2.1",
        "glob": "^7.1.6",
        "glob-promise": "^4.0.1",
        "handlebars": "^4.7.6",
        "jsdom": "^16.4.0",
        "lodash": "^4.17.20",
        "mocha": "^8.2.1",
        "refa": "^0.4.1",
        "rollup": "^2.33.1",
        "should": "^13.2.3",
        "terser": "^5.3.8",
        "tiny-worker": "^2.3.0",
        "typescript": "^4.0.5"
      },
      "engines": {
        "node": "*"
      }
    },
    "node_modules/@types/faker": {
      "version": "5.1.7",
      "resolved": "https://registry.npmjs.org/@types/faker/-/faker-5.1.7.tgz",
      "integrity": "sha512-ByseCEyhb+64fapaFR/yASUfAU+Ia4LpCnHhoNMQJFSIBvbtFoEZQB0elwrSF/idpKL5OZvmZhCCukGV8Zi22w=="
    },
    "node_modules/@types/highlightjs": {
      "version": "10.1.0",
      "resolved": "https://registry.npmjs.org/@types/highlightjs/-/highlightjs-10.1.0.tgz",
      "integrity": "sha512-xCmqJdhDi4EqrfNDU5ZfZV2ejhszpWBkJS/jYCoAHZhQBBUGnE26l0AzHsZHoe37z4ZETFoZn8HKTIFDjRrfwA==",
      "dependencies": {
        "highlight.js": "^10.1.0"
      }
    },
    "node_modules/faker": {
      "version": "5.4.0",
      "resolved": "https://registry.npmjs.org/faker/-/faker-5.4.0.tgz",
      "integrity": "sha512-Y9n/Ky/xZx/Bj8DePvXspUYRtHl/rGQytoIT5LaxmNwSe3wWyOeOXb3lT6Dpipq240PVpeFaGKzScz/5fvff2g=="
    },
    "node_modules/highlight.js": {
      "resolved": "../highlight.js/build",
      "link": true
    }
  },
  "dependencies": {
    "@types/faker": {
      "version": "5.1.7",
      "resolved": "https://registry.npmjs.org/@types/faker/-/faker-5.1.7.tgz",
      "integrity": "sha512-ByseCEyhb+64fapaFR/yASUfAU+Ia4LpCnHhoNMQJFSIBvbtFoEZQB0elwrSF/idpKL5OZvmZhCCukGV8Zi22w=="
    },
    "@types/highlightjs": {
      "version": "10.1.0",
      "resolved": "https://registry.npmjs.org/@types/highlightjs/-/highlightjs-10.1.0.tgz",
      "integrity": "sha512-xCmqJdhDi4EqrfNDU5ZfZV2ejhszpWBkJS/jYCoAHZhQBBUGnE26l0AzHsZHoe37z4ZETFoZn8HKTIFDjRrfwA==",
      "requires": {
        "highlight.js": "^10.1.0"
      }
    },
    "faker": {
      "version": "5.4.0",
      "resolved": "https://registry.npmjs.org/faker/-/faker-5.4.0.tgz",
      "integrity": "sha512-Y9n/Ky/xZx/Bj8DePvXspUYRtHl/rGQytoIT5LaxmNwSe3wWyOeOXb3lT6Dpipq240PVpeFaGKzScz/5fvff2g=="
    },
    "highlight.js": {
      "version": "file:../highlight.js/build",
      "requires": {
        "@rollup/plugin-commonjs": "^17.0.0",
        "@rollup/plugin-json": "^4.1.0",
        "@rollup/plugin-node-resolve": "^11.1.0",
        "@types/mocha": "^8.2.2",
        "@typescript-eslint/eslint-plugin": "^4.6.1",
        "@typescript-eslint/parser": "^4.6.1",
        "clean-css": "^5.0.1",
        "cli-table": "^0.3.1",
        "colors": "^1.1.2",
        "commander": "^7.0.0",
        "deep-freeze-es6": "^1.4.1",
        "del": "^6.0.0",
        "dependency-resolver": "^2.0.1",
        "eslint": "^7.12.1",
        "eslint-config-standard": "^16.0.1",
        "eslint-plugin-import": "^2.22.1",
        "eslint-plugin-node": "^11.1.0",
        "eslint-plugin-promise": "^4.2.1",
        "glob": "^7.1.6",
        "glob-promise": "^4.0.1",
        "handlebars": "^4.7.6",
        "jsdom": "^16.4.0",
        "lodash": "^4.17.20",
        "mocha": "^8.2.1",
        "refa": "^0.4.1",
        "rollup": "^2.33.1",
        "should": "^13.2.3",
        "terser": "^5.3.8",
        "tiny-worker": "^2.3.0",
        "typescript": "^4.0.5"
      }
    }
  }
}
